
Microsoft Visual Studio Solution File, Format Version 12.00
# Visual Studio Version 16
VisualStudioVersion = 16.0.30114.105
MinimumVisualStudioVersion = 10.0.40219.1
Project("{FAE04EC0-301F-11D3-BF4B-00C04F79EFBC}") = "ConsolePaint", "ConsolePaint\ConsolePaint.csproj", "{93587437-FB11-4FB9-9F99-DA91F440D74A}"
EndProject
Project("{FAE04EC0-301F-11D3-BF4B-00C04F79EFBC}") = "ConsolePaint.Tests", "ConsolePaint.Tests\ConsolePaint.Tests.csproj", "{FDA3CB63-A066-4B02-9A2C-257DA2DE8C17}"
EndProject
Project("{FAE04EC0-301F-11D3-BF4B-00C04F79EFBC}") = "ConsolePaint.TestUtilities", "ConsolePaint.TestUtilities\ConsolePaint.TestUtilities.csproj", "{253BE278-114E-427E-ADB2-6E079585260D}"
EndProject
Global
	GlobalSection(SolutionConfigurationPlatforms) = preSolution
		Debug|Any CPU = Debug|Any CPU
		Release|Any CPU = Release|Any CPU
	EndGlobalSection
	GlobalSection(SolutionProperties) = preSolution
		HideSolutionNode = FALSE
	EndGlobalSection
	GlobalSection(ProjectConfigurationPlatforms) = postSolution
		{93587437-FB11-4FB9-9F99-DA91F440D74A}.Debug|Any CPU.ActiveCfg = Debug|Any CPU
		{93587437-FB11-4FB9-9F99-DA91F440D74A}.Debug|Any CPU.Build.0 = Debug|Any CPU
		{93587437-FB11-4FB9-9F99-DA91F440D74A}.Release|Any CPU.ActiveCfg = Release|Any CPU
		{93587437-FB11-4FB9-9F99-DA91F440D74A}.Release|Any CPU.Build.0 = Release|Any CPU
		{FDA3CB63-A066-4B02-9A2C-257DA2DE8C17}.Debug|Any CPU.ActiveCfg = Debug|Any CPU
		{FDA3CB63-A066-4B02-9A2C-257DA2DE8C17}.Debug|Any CPU.Build.0 = Debug|Any CPU
		{FDA3CB63-A066-4B02-9A2C-257DA2DE8C17}.Release|Any CPU.ActiveCfg = Release|Any CPU
		{FDA3CB63-A066-4B02-9A2C-257DA2DE8C17}.Release|Any CPU.Build.0 = Release|Any CPU
		{253BE278-114E-427E-ADB2-6E079585260D}.Debug|Any CPU.ActiveCfg = Debug|Any CPU
		{253BE278-114E-427E-ADB2-6E079585260D}.Debug|Any CPU.Build.0 = Debug|Any CPU
		{253BE278-114E-427E-ADB2-6E079585260D}.Release|Any CPU.ActiveCfg = Release|Any CPU
		{253BE278-114E-427E-ADB2-6E079585260D}.Release|Any CPU.Build.0 = Release|Any CPU
	EndGlobalSection
EndGlobal
